<?xml version="1.0" encoding="utf-8"?>
<Project ToolsVersion="4.0" xmlns="http://schemas.microsoft.com/developer/msbuild/2003">
  <ItemGroup>
    <Filter Include="Headers">
      <UniqueIdentifier>{ea052ce5-5727-4258-a4d1-e1c055e999ef}</UniqueIdentifier>
    </Filter>
    <Filter Include="Parser">
      <UniqueIdentifier>{2619ac9e-dc39-4f2a-9a1d-39ce6b298de2}</UniqueIdentifier>
    </Filter>
    <Filter Include="Parser\Text">
      <UniqueIdentifier>{d9ee4d49-9048-46e8-8884-30ef9176e428}</UniqueIdentifier>
    </Filter>
    <Filter Include="Parser\XML">
      <UniqueIdentifier>{86c62d2c-094b-4900-81d1-db5f63ac0bad}</UniqueIdentifier>
    </Filter>
    <Filter Include="Logger">
      <UniqueIdentifier>{45c9f96f-e442-464a-aa4f-6b3efcd1d3ce}</UniqueIdentifier>
    </Filter>
    <Filter Include="Thread">
      <UniqueIdentifier>{c0158fef-ba46-4d2b-8d6b-b442c8281361}</UniqueIdentifier>
    </Filter>
    <Filter Include="Resource">
      <UniqueIdentifier>{fddd63c7-054a-4a01-b479-b00fa8d486d8}</UniqueIdentifier>
    </Filter>
    <Filter Include="System">
      <UniqueIdentifier>{f8db88dd-7015-4f36-b3b9-b7174ed01765}</UniqueIdentifier>
    </Filter>
    <Filter Include="System\Component">
      <UniqueIdentifier>{97fdc3f7-ff9f-4cc6-a576-235908c16fa5}</UniqueIdentifier>
    </Filter>
    <Filter Include="System\ECS">
      <UniqueIdentifier>{33ee274d-0afb-46ec-9dd3-edb5690056ec}</UniqueIdentifier>
    </Filter>
    <Filter Include="Cores">
      <UniqueIdentifier>{37dca6ad-ac75-4dcd-801a-9b60ac5c58cf}</UniqueIdentifier>
    </Filter>
    <Filter Include="Cores\RHI">
      <UniqueIdentifier>{e6a25d39-f64e-49ef-b743-3af7ce8d29ad}</UniqueIdentifier>
    </Filter>
    <Filter Include="Cores\RHI\DX11">
      <UniqueIdentifier>{bc492b27-66e6-4682-91e2-3ecc33710067}</UniqueIdentifier>
    </Filter>
    <Filter Include="Cores\RHI\DX12">
      <UniqueIdentifier>{a6c96aab-0540-4979-a5bc-15951737ae14}</UniqueIdentifier>
    </Filter>
    <Filter Include="Cores\Physics">
      <UniqueIdentifier>{f08bf458-243b-44fc-a97a-e1c49f671143}</UniqueIdentifier>
    </Filter>
    <Filter Include="Cores\Video">
      <UniqueIdentifier>{e74306ee-c824-44ce-a37b-57e4cd8d6fd3}</UniqueIdentifier>
    </Filter>
    <Filter Include="Cores\Sound">
      <UniqueIdentifier>{887e9b1d-0379-4b2e-ac75-6bf5afe00df0}</UniqueIdentifier>
    </Filter>
    <Filter Include="Cores\Font">
      <UniqueIdentifier>{9ff098f3-fc7f-4f17-bb4e-74bbb65a275f}</UniqueIdentifier>
    </Filter>
    <Filter Include="Cores\Input">
      <UniqueIdentifier>{bb7c42c2-31f0-482e-97a6-8270f9289160}</UniqueIdentifier>
    </Filter>
    <Filter Include="SystemSettings">
      <UniqueIdentifier>{8f445e44-900c-43db-a1b0-fab3b1048e80}</UniqueIdentifier>
    </Filter>
    <Filter Include="Parser\XML\TinyXML">
      <UniqueIdentifier>{2e1887b9-b691-48a4-9390-7a0dc1296eda}</UniqueIdentifier>
    </Filter>
    <Filter Include="Kernel">
      <UniqueIdentifier>{38f1cd19-fcaf-4e33-b5a0-a4f2dce49718}</UniqueIdentifier>
    </Filter>
    <Filter Include="Utils">
      <UniqueIdentifier>{fcfaf4bf-56e0-4f90-a6f3-e06a82099d62}</UniqueIdentifier>
    </Filter>
    <Filter Include="SystemStat">
      <UniqueIdentifier>{daf6b1cc-7945-422e-af2d-969011df5d58}</UniqueIdentifier>
    </Filter>
  </ItemGroup>
  <ItemGroup>
    <ClInclude Include="Header\Exception.h">
      <Filter>Headers</Filter>
    </ClInclude>
    <ClInclude Include="Header\Define.h">
      <Filter>Headers</Filter>
    </ClInclude>
    <ClInclude Include="Header\Include.h">
      <Filter>Headers</Filter>
    </ClInclude>
    <ClInclude Include="Header\Typedef.h">
      <Filter>Headers</Filter>
    </ClInclude>
    <ClInclude Include="Header\Enum.h">
      <Filter>Headers</Filter>
    </ClInclude>
    <ClInclude Include="Code\RHI.h">
      <Filter>Cores\RHI</Filter>
    </ClInclude>
    <ClInclude Include="Code\RHI_DX12Device.h">
      <Filter>Cores\RHI\DX12</Filter>
    </ClInclude>
    <ClInclude Include="Code\EngineKernel.h">
      <Filter>Kernel</Filter>
    </ClInclude>
    <ClInclude Include="Code\SystemSettings.h">
      <Filter>SystemSettings</Filter>
    </ClInclude>
    <ClInclude Include="Code\tinyxml2.h">
      <Filter>Parser\XML\TinyXML</Filter>
    </ClInclude>
    <ClInclude Include="Code\comptr.h">
      <Filter>Utils</Filter>
    </ClInclude>
    <ClInclude Include="Code\Logger.h">
      <Filter>Logger</Filter>
    </ClInclude>
  </ItemGroup>
  <ItemGroup>
    <ClCompile Include="Code\RHI_DX12Device.cpp">
      <Filter>Cores\RHI\DX12</Filter>
    </ClCompile>
    <ClCompile Include="Code\EngineKernel.cpp">
      <Filter>Kernel</Filter>
    </ClCompile>
    <ClCompile Include="Code\SystemSettings.cpp">
      <Filter>SystemSettings</Filter>
    </ClCompile>
    <ClCompile Include="Code\tinyxml2.cpp">
      <Filter>Parser\XML\TinyXML</Filter>
    </ClCompile>
    <ClCompile Include="Logger.cpp">
      <Filter>Logger</Filter>
    </ClCompile>
  </ItemGroup>
  <ItemGroup>
    <Text Include="ExternLibList.txt" />
  </ItemGroup>
</Project>