<?xml version="1.0" encoding="utf-8"?>
<Project ToolsVersion="4.0" xmlns="http://schemas.microsoft.com/developer/msbuild/2003">
  <ItemGroup>
    <Filter Include="Headers">
      <UniqueIdentifier>{ea052ce5-5727-4258-a4d1-e1c055e999ef}</UniqueIdentifier>
    </Filter>
    <Filter Include="Parser">
      <UniqueIdentifier>{2619ac9e-dc39-4f2a-9a1d-39ce6b298de2}</UniqueIdentifier>
    </Filter>
    <Filter Include="Parser\Text">
      <UniqueIdentifier>{d9ee4d49-9048-46e8-8884-30ef9176e428}</UniqueIdentifier>
    </Filter>
    <Filter Include="Parser\XML">
      <UniqueIdentifier>{86c62d2c-094b-4900-81d1-db5f63ac0bad}</UniqueIdentifier>
    </Filter>
    <Filter Include="Logger">
      <UniqueIdentifier>{45c9f96f-e442-464a-aa4f-6b3efcd1d3ce}</UniqueIdentifier>
    </Filter>
    <Filter Include="Thread">
      <UniqueIdentifier>{c0158fef-ba46-4d2b-8d6b-b442c8281361}</UniqueIdentifier>
    </Filter>
    <Filter Include="Resource">
      <UniqueIdentifier>{fddd63c7-054a-4a01-b479-b00fa8d486d8}</UniqueIdentifier>
    </Filter>
    <Filter Include="System">
      <UniqueIdentifier>{f8db88dd-7015-4f36-b3b9-b7174ed01765}</UniqueIdentifier>
    </Filter>
    <Filter Include="System\Component">
      <UniqueIdentifier>{97fdc3f7-ff9f-4cc6-a576-235908c16fa5}</UniqueIdentifier>
    </Filter>
    <Filter Include="System\ECS">
      <UniqueIdentifier>{33ee274d-0afb-46ec-9dd3-edb5690056ec}</UniqueIdentifier>
    </Filter>
    <Filter Include="Cores">
      <UniqueIdentifier>{37dca6ad-ac75-4dcd-801a-9b60ac5c58cf}</UniqueIdentifier>
    </Filter>
    <Filter Include="Cores\RHI">
      <UniqueIdentifier>{e6a25d39-f64e-49ef-b743-3af7ce8d29ad}</UniqueIdentifier>
    </Filter>
    <Filter Include="Cores\RHI\DX11">
      <UniqueIdentifier>{bc492b27-66e6-4682-91e2-3ecc33710067}</UniqueIdentifier>
    </Filter>
    <Filter Include="Cores\RHI\DX12">
      <UniqueIdentifier>{a6c96aab-0540-4979-a5bc-15951737ae14}</UniqueIdentifier>
    </Filter>
    <Filter Include="Cores\Physics">
      <UniqueIdentifier>{f08bf458-243b-44fc-a97a-e1c49f671143}</UniqueIdentifier>
    </Filter>
    <Filter Include="Cores\Video">
      <UniqueIdentifier>{e74306ee-c824-44ce-a37b-57e4cd8d6fd3}</UniqueIdentifier>
    </Filter>
    <Filter Include="Cores\Sound">
      <UniqueIdentifier>{887e9b1d-0379-4b2e-ac75-6bf5afe00df0}</UniqueIdentifier>
    </Filter>
    <Filter Include="Cores\Font">
      <UniqueIdentifier>{9ff098f3-fc7f-4f17-bb4e-74bbb65a275f}</UniqueIdentifier>
    </Filter>
    <Filter Include="Cores\Input">
      <UniqueIdentifier>{bb7c42c2-31f0-482e-97a6-8270f9289160}</UniqueIdentifier>
    </Filter>
    <Filter Include="SystemSettings">
      <UniqueIdentifier>{8f445e44-900c-43db-a1b0-fab3b1048e80}</UniqueIdentifier>
    </Filter>
    <Filter Include="Parser\XML\TinyXML">
      <UniqueIdentifier>{2e1887b9-b691-48a4-9390-7a0dc1296eda}</UniqueIdentifier>
    </Filter>
    <Filter Include="Kernel">
      <UniqueIdentifier>{38f1cd19-fcaf-4e33-b5a0-a4f2dce49718}</UniqueIdentifier>
    </Filter>
    <Filter Include="Utils">
      <UniqueIdentifier>{fcfaf4bf-56e0-4f90-a6f3-e06a82099d62}</UniqueIdentifier>
    </Filter>
    <Filter Include="SystemStat">
      <UniqueIdentifier>{daf6b1cc-7945-422e-af2d-969011df5d58}</UniqueIdentifier>
    </Filter>
    <Filter Include="Rendering">
      <UniqueIdentifier>{c36888c4-8326-457f-b801-912998f9f7cf}</UniqueIdentifier>
    </Filter>
    <Filter Include="Rendering\Renderer">
      <UniqueIdentifier>{9119fbc9-86e1-4f65-9d6c-aa73519f812e}</UniqueIdentifier>
    </Filter>
    <Filter Include="Rendering\SceneView">
      <UniqueIdentifier>{f89edff8-47ef-442a-8c43-3bddb52f3cd5}</UniqueIdentifier>
    </Filter>
    <Filter Include="Rendering\Shader">
      <UniqueIdentifier>{78beb782-5616-43c3-88ad-0da8d6d4a977}</UniqueIdentifier>
    </Filter>
    <Filter Include="Rendering\Shader\Manager">
      <UniqueIdentifier>{b99a40c4-c00f-4728-bc55-57d1d0997b5f}</UniqueIdentifier>
    </Filter>
    <Filter Include="Rendering\Shader\ShaderObject">
      <UniqueIdentifier>{e6fc4572-0ab8-40e5-9fb1-07324da24687}</UniqueIdentifier>
    </Filter>
    <Filter Include="Package">
      <UniqueIdentifier>{1286fed1-e932-41ad-9cba-6dd58f49d739}</UniqueIdentifier>
    </Filter>
    <Filter Include="Rendering\PSO">
      <UniqueIdentifier>{61ba01fd-a9ba-468f-94d1-58ee1ec372a7}</UniqueIdentifier>
    </Filter>
    <Filter Include="Cores\Memory">
      <UniqueIdentifier>{8ac0ca48-d8f4-49d2-bfc0-441891899645}</UniqueIdentifier>
    </Filter>
    <Filter Include="Cores\Memory\Allocator">
      <UniqueIdentifier>{6b2e79e4-30ff-4664-98d6-bfa0c3c096f6}</UniqueIdentifier>
    </Filter>
    <Filter Include="Cores\Memory\MemoryPool">
      <UniqueIdentifier>{0feeac26-dd65-4820-835b-1a610342cb51}</UniqueIdentifier>
    </Filter>
    <Filter Include="Cores\Memory\MemoryPool\StackPool">
      <UniqueIdentifier>{b15344a5-9776-46b0-8065-9caa1dba1495}</UniqueIdentifier>
    </Filter>
    <Filter Include="Rendering\Shader\ShaderObject\PixelShader">
      <UniqueIdentifier>{6df5a164-1fbe-4905-8ae6-a5320af5cd31}</UniqueIdentifier>
    </Filter>
    <Filter Include="Rendering\Shader\ShaderObject\VertexShader">
      <UniqueIdentifier>{335d1ef7-eea5-401f-ac3b-3cf10c1078b5}</UniqueIdentifier>
    </Filter>
    <Filter Include="Rendering\Shader\ShaderObject\ComputeShader">
      <UniqueIdentifier>{58cdc28c-21c7-48f5-835a-990fcc426b14}</UniqueIdentifier>
    </Filter>
    <Filter Include="Cores\Memory\MemoryTracer">
      <UniqueIdentifier>{38f8e05d-788f-4418-807d-2e931f0f56d7}</UniqueIdentifier>
    </Filter>
    <Filter Include="Cores\Memory\Allocator\HeapAllocator">
      <UniqueIdentifier>{dbc7969c-bd2c-413d-a809-308262d8f248}</UniqueIdentifier>
    </Filter>
    <Filter Include="Cores\Memory\Memory">
      <UniqueIdentifier>{77520478-2025-482a-a879-eded60e0286d}</UniqueIdentifier>
    </Filter>
    <Filter Include="Cores\Memory\Memory\WindowsMemory">
      <UniqueIdentifier>{a425f678-c71c-4aeb-82f0-f82932b7f310}</UniqueIdentifier>
    </Filter>
    <Filter Include="Cores\Memory\Memory\TBBMemory">
      <UniqueIdentifier>{49f5b7e4-a066-4f7c-ad11-9b32c1fdc4c4}</UniqueIdentifier>
    </Filter>
  </ItemGroup>
  <ItemGroup>
    <ClInclude Include="Header\Exception.h">
      <Filter>Headers</Filter>
    </ClInclude>
    <ClInclude Include="Header\Define.h">
      <Filter>Headers</Filter>
    </ClInclude>
    <ClInclude Include="Header\Include.h">
      <Filter>Headers</Filter>
    </ClInclude>
    <ClInclude Include="Header\Typedef.h">
      <Filter>Headers</Filter>
    </ClInclude>
    <ClInclude Include="Header\Enum.h">
      <Filter>Headers</Filter>
    </ClInclude>
    <ClInclude Include="Code\RHI.h">
      <Filter>Cores\RHI</Filter>
    </ClInclude>
    <ClInclude Include="Code\RHI_DX12Device.h">
      <Filter>Cores\RHI\DX12</Filter>
    </ClInclude>
    <ClInclude Include="Code\EngineKernel.h">
      <Filter>Kernel</Filter>
    </ClInclude>
    <ClInclude Include="Code\SystemSettings.h">
      <Filter>SystemSettings</Filter>
    </ClInclude>
    <ClInclude Include="Code\tinyxml2.h">
      <Filter>Parser\XML\TinyXML</Filter>
    </ClInclude>
    <ClInclude Include="Code\Logger.h">
      <Filter>Logger</Filter>
    </ClInclude>
    <ClInclude Include="Code\SceneRenderer.h">
      <Filter>Rendering\Renderer</Filter>
    </ClInclude>
    <ClInclude Include="Code\SceneView.h">
      <Filter>Rendering\SceneView</Filter>
    </ClInclude>
    <ClInclude Include="Code\ShaderBase.h">
      <Filter>Rendering\Shader\ShaderObject</Filter>
    </ClInclude>
    <ClInclude Include="Header\Struct.h">
      <Filter>Headers</Filter>
    </ClInclude>
    <ClInclude Include="Header\Function.h">
      <Filter>Headers</Filter>
    </ClInclude>
    <ClInclude Include="Code\ShaderManager.h">
      <Filter>Rendering\Shader\Manager</Filter>
    </ClInclude>
    <ClInclude Include="Header\crcchecksum.h">
      <Filter>Utils</Filter>
    </ClInclude>
    <ClInclude Include="Header\DefineFlag.h">
      <Filter>Headers</Filter>
    </ClInclude>
    <ClInclude Include="Header\syncObject.h">
      <Filter>Utils</Filter>
    </ClInclude>
    <ClInclude Include="Code\allocator.h">
      <Filter>Cores\Memory\Allocator</Filter>
    </ClInclude>
    <ClInclude Include="Header\md5hashing.h">
      <Filter>Utils</Filter>
    </ClInclude>
    <ClInclude Include="Header\comptr.h">
      <Filter>Utils</Filter>
    </ClInclude>
    <ClInclude Include="Code\StackMemoryPool.h">
      <Filter>Cores\Memory\MemoryPool\StackPool</Filter>
    </ClInclude>
    <ClInclude Include="Code\MemoryPoolInterface.h">
      <Filter>Cores\Memory\MemoryPool</Filter>
    </ClInclude>
    <ClInclude Include="Code\PixelShader.h">
      <Filter>Rendering\Shader\ShaderObject\PixelShader</Filter>
    </ClInclude>
    <ClInclude Include="Code\VertexShader.h">
      <Filter>Rendering\Shader\ShaderObject\VertexShader</Filter>
    </ClInclude>
    <ClInclude Include="Header\memoryFunctions.h">
      <Filter>Utils</Filter>
    </ClInclude>
    <ClInclude Include="Code\MemoryTracer.h">
      <Filter>Cores\Memory\MemoryTracer</Filter>
    </ClInclude>
    <ClInclude Include="Code\MemoryInterface.h">
      <Filter>Cores\Memory\Memory</Filter>
    </ClInclude>
    <ClInclude Include="Code\TBBMemory.h">
      <Filter>Cores\Memory\Memory\TBBMemory</Filter>
    </ClInclude>
    <ClInclude Include="Code\WindowsMemory.h">
      <Filter>Cores\Memory\Memory\WindowsMemory</Filter>
    </ClInclude>
  </ItemGroup>
  <ItemGroup>
    <ClCompile Include="Code\RHI_DX12Device.cpp">
      <Filter>Cores\RHI\DX12</Filter>
    </ClCompile>
    <ClCompile Include="Code\EngineKernel.cpp">
      <Filter>Kernel</Filter>
    </ClCompile>
    <ClCompile Include="Code\SystemSettings.cpp">
      <Filter>SystemSettings</Filter>
    </ClCompile>
    <ClCompile Include="Code\tinyxml2.cpp">
      <Filter>Parser\XML\TinyXML</Filter>
    </ClCompile>
    <ClCompile Include="Code\Logger.cpp">
      <Filter>Logger</Filter>
    </ClCompile>
    <ClCompile Include="Code\SceneRenderer.cpp">
      <Filter>Rendering\Renderer</Filter>
    </ClCompile>
    <ClCompile Include="Code\SceneView.cpp">
      <Filter>Rendering\SceneView</Filter>
    </ClCompile>
    <ClCompile Include="Code\allocator.cpp">
      <Filter>Cores\Memory\Allocator</Filter>
    </ClCompile>
    <ClCompile Include="Code\StackMemoryPool.cpp">
      <Filter>Cores\Memory\MemoryPool\StackPool</Filter>
    </ClCompile>
    <ClCompile Include="Code\PixelShader.cpp">
      <Filter>Rendering\Shader\ShaderObject\PixelShader</Filter>
    </ClCompile>
    <ClCompile Include="Code\VertexShader.cpp">
      <Filter>Rendering\Shader\ShaderObject\VertexShader</Filter>
    </ClCompile>
    <ClCompile Include="Code\MemoryTracer.cpp">
      <Filter>Cores\Memory\MemoryTracer</Filter>
    </ClCompile>
    <ClCompile Include="Code\TBBMemory.cpp">
      <Filter>Cores\Memory\Memory\TBBMemory</Filter>
    </ClCompile>
    <ClCompile Include="Code\MemoryInterface.cpp">
      <Filter>Cores\Memory\Memory</Filter>
    </ClCompile>
    <ClCompile Include="Code\WindowsMemory.cpp">
      <Filter>Cores\Memory\Memory\WindowsMemory</Filter>
    </ClCompile>
  </ItemGroup>
  <ItemGroup>
    <Text Include="ExternLibList.txt" />
  </ItemGroup>
</Project>