<?xml version="1.0" encoding="utf-8"?>
<Project ToolsVersion="4.0" xmlns="http://schemas.microsoft.com/developer/msbuild/2003">
  <ItemGroup>
    <Filter Include="Headers">
      <UniqueIdentifier>{ea052ce5-5727-4258-a4d1-e1c055e999ef}</UniqueIdentifier>
    </Filter>
    <Filter Include="Parser">
      <UniqueIdentifier>{2619ac9e-dc39-4f2a-9a1d-39ce6b298de2}</UniqueIdentifier>
    </Filter>
    <Filter Include="Parser\Text">
      <UniqueIdentifier>{d9ee4d49-9048-46e8-8884-30ef9176e428}</UniqueIdentifier>
    </Filter>
    <Filter Include="Parser\XML">
      <UniqueIdentifier>{86c62d2c-094b-4900-81d1-db5f63ac0bad}</UniqueIdentifier>
    </Filter>
    <Filter Include="Logger">
      <UniqueIdentifier>{45c9f96f-e442-464a-aa4f-6b3efcd1d3ce}</UniqueIdentifier>
    </Filter>
    <Filter Include="Thread">
      <UniqueIdentifier>{c0158fef-ba46-4d2b-8d6b-b442c8281361}</UniqueIdentifier>
    </Filter>
    <Filter Include="Resource">
      <UniqueIdentifier>{fddd63c7-054a-4a01-b479-b00fa8d486d8}</UniqueIdentifier>
    </Filter>
    <Filter Include="System">
      <UniqueIdentifier>{f8db88dd-7015-4f36-b3b9-b7174ed01765}</UniqueIdentifier>
    </Filter>
    <Filter Include="System\Component">
      <UniqueIdentifier>{97fdc3f7-ff9f-4cc6-a576-235908c16fa5}</UniqueIdentifier>
    </Filter>
    <Filter Include="System\ECS">
      <UniqueIdentifier>{33ee274d-0afb-46ec-9dd3-edb5690056ec}</UniqueIdentifier>
    </Filter>
    <Filter Include="Cores">
      <UniqueIdentifier>{37dca6ad-ac75-4dcd-801a-9b60ac5c58cf}</UniqueIdentifier>
    </Filter>
    <Filter Include="Cores\RHI">
      <UniqueIdentifier>{e6a25d39-f64e-49ef-b743-3af7ce8d29ad}</UniqueIdentifier>
    </Filter>
    <Filter Include="Cores\RHI\DX12">
      <UniqueIdentifier>{a6c96aab-0540-4979-a5bc-15951737ae14}</UniqueIdentifier>
    </Filter>
    <Filter Include="Cores\Physics">
      <UniqueIdentifier>{f08bf458-243b-44fc-a97a-e1c49f671143}</UniqueIdentifier>
    </Filter>
    <Filter Include="Cores\Video">
      <UniqueIdentifier>{e74306ee-c824-44ce-a37b-57e4cd8d6fd3}</UniqueIdentifier>
    </Filter>
    <Filter Include="Cores\Sound">
      <UniqueIdentifier>{887e9b1d-0379-4b2e-ac75-6bf5afe00df0}</UniqueIdentifier>
    </Filter>
    <Filter Include="Cores\Font">
      <UniqueIdentifier>{9ff098f3-fc7f-4f17-bb4e-74bbb65a275f}</UniqueIdentifier>
    </Filter>
    <Filter Include="Cores\Input">
      <UniqueIdentifier>{bb7c42c2-31f0-482e-97a6-8270f9289160}</UniqueIdentifier>
    </Filter>
    <Filter Include="SystemSettings">
      <UniqueIdentifier>{8f445e44-900c-43db-a1b0-fab3b1048e80}</UniqueIdentifier>
    </Filter>
    <Filter Include="Parser\XML\TinyXML">
      <UniqueIdentifier>{2e1887b9-b691-48a4-9390-7a0dc1296eda}</UniqueIdentifier>
    </Filter>
    <Filter Include="Utils">
      <UniqueIdentifier>{fcfaf4bf-56e0-4f90-a6f3-e06a82099d62}</UniqueIdentifier>
    </Filter>
    <Filter Include="SystemStat">
      <UniqueIdentifier>{daf6b1cc-7945-422e-af2d-969011df5d58}</UniqueIdentifier>
    </Filter>
    <Filter Include="Rendering">
      <UniqueIdentifier>{c36888c4-8326-457f-b801-912998f9f7cf}</UniqueIdentifier>
    </Filter>
    <Filter Include="Rendering\Renderer">
      <UniqueIdentifier>{9119fbc9-86e1-4f65-9d6c-aa73519f812e}</UniqueIdentifier>
    </Filter>
    <Filter Include="Rendering\SceneView">
      <UniqueIdentifier>{f89edff8-47ef-442a-8c43-3bddb52f3cd5}</UniqueIdentifier>
    </Filter>
    <Filter Include="Rendering\Shader">
      <UniqueIdentifier>{78beb782-5616-43c3-88ad-0da8d6d4a977}</UniqueIdentifier>
    </Filter>
    <Filter Include="Rendering\Shader\Manager">
      <UniqueIdentifier>{b99a40c4-c00f-4728-bc55-57d1d0997b5f}</UniqueIdentifier>
    </Filter>
    <Filter Include="Rendering\Shader\ShaderObject">
      <UniqueIdentifier>{e6fc4572-0ab8-40e5-9fb1-07324da24687}</UniqueIdentifier>
    </Filter>
    <Filter Include="Package">
      <UniqueIdentifier>{1286fed1-e932-41ad-9cba-6dd58f49d739}</UniqueIdentifier>
    </Filter>
    <Filter Include="Rendering\PSO">
      <UniqueIdentifier>{61ba01fd-a9ba-468f-94d1-58ee1ec372a7}</UniqueIdentifier>
    </Filter>
    <Filter Include="Cores\Memory">
      <UniqueIdentifier>{8ac0ca48-d8f4-49d2-bfc0-441891899645}</UniqueIdentifier>
    </Filter>
    <Filter Include="Cores\Memory\Allocator">
      <UniqueIdentifier>{6b2e79e4-30ff-4664-98d6-bfa0c3c096f6}</UniqueIdentifier>
    </Filter>
    <Filter Include="Cores\Memory\MemoryPool">
      <UniqueIdentifier>{0feeac26-dd65-4820-835b-1a610342cb51}</UniqueIdentifier>
    </Filter>
    <Filter Include="Cores\Memory\MemoryPool\StackPool">
      <UniqueIdentifier>{b15344a5-9776-46b0-8065-9caa1dba1495}</UniqueIdentifier>
    </Filter>
    <Filter Include="Rendering\Shader\ShaderObject\PixelShader">
      <UniqueIdentifier>{6df5a164-1fbe-4905-8ae6-a5320af5cd31}</UniqueIdentifier>
    </Filter>
    <Filter Include="Rendering\Shader\ShaderObject\VertexShader">
      <UniqueIdentifier>{335d1ef7-eea5-401f-ac3b-3cf10c1078b5}</UniqueIdentifier>
    </Filter>
    <Filter Include="Rendering\Shader\ShaderObject\ComputeShader">
      <UniqueIdentifier>{58cdc28c-21c7-48f5-835a-990fcc426b14}</UniqueIdentifier>
    </Filter>
    <Filter Include="Cores\Memory\MemoryTracer">
      <UniqueIdentifier>{38f8e05d-788f-4418-807d-2e931f0f56d7}</UniqueIdentifier>
    </Filter>
    <Filter Include="Cores\Memory\Allocator\HeapAllocator">
      <UniqueIdentifier>{dbc7969c-bd2c-413d-a809-308262d8f248}</UniqueIdentifier>
    </Filter>
    <Filter Include="Cores\Memory\Memory">
      <UniqueIdentifier>{77520478-2025-482a-a879-eded60e0286d}</UniqueIdentifier>
    </Filter>
    <Filter Include="Cores\Memory\Memory\WindowsMemory">
      <UniqueIdentifier>{a425f678-c71c-4aeb-82f0-f82932b7f310}</UniqueIdentifier>
    </Filter>
    <Filter Include="Cores\Memory\Memory\TBBMemory">
      <UniqueIdentifier>{49f5b7e4-a066-4f7c-ad11-9b32c1fdc4c4}</UniqueIdentifier>
    </Filter>
    <Filter Include="Rendering\RenderThread">
      <UniqueIdentifier>{d6d67287-fc16-40de-a96e-ef475f4b28d9}</UniqueIdentifier>
    </Filter>
    <Filter Include="Rendering\RenderCommand">
      <UniqueIdentifier>{5330d87d-d9dd-4d24-b133-8ebca1913d1c}</UniqueIdentifier>
    </Filter>
    <Filter Include="Cores\RHI\DX12\Components">
      <UniqueIdentifier>{3d4140ec-a958-4c3c-aca0-5d3458c1d15e}</UniqueIdentifier>
    </Filter>
    <Filter Include="Cores\RHI\DX12\Components\CommandList">
      <UniqueIdentifier>{b8f3f7ec-89fd-4ba5-936c-23604df265e4}</UniqueIdentifier>
    </Filter>
    <Filter Include="Utils\SyncObject">
      <UniqueIdentifier>{78b68bee-afca-44de-8f11-284625a10aaf}</UniqueIdentifier>
    </Filter>
    <Filter Include="Utils\SyncObject\CritialSection">
      <UniqueIdentifier>{f7b60ea4-d6e5-4eb4-a21b-428fc334b7d3}</UniqueIdentifier>
    </Filter>
    <Filter Include="Cores\RHI\DX12\Components\Rendertarget">
      <UniqueIdentifier>{098e7da6-8d37-4e03-bb34-615adf44849c}</UniqueIdentifier>
    </Filter>
    <Filter Include="Rendering\Pipeline">
      <UniqueIdentifier>{60053372-b437-41b0-8800-3c9aa526767d}</UniqueIdentifier>
    </Filter>
    <Filter Include="Cores\Kernel">
      <UniqueIdentifier>{38f1cd19-fcaf-4e33-b5a0-a4f2dce49718}</UniqueIdentifier>
    </Filter>
    <Filter Include="Cores\RHI\DX12\Components\Buffer">
      <UniqueIdentifier>{62b794bb-189b-46d4-bcda-2a255abc0a61}</UniqueIdentifier>
    </Filter>
    <Filter Include="Cores\RHI\DX12\Components\Buffer\VertexBuffer">
      <UniqueIdentifier>{0a2758bc-9612-406c-a256-0419b37438e6}</UniqueIdentifier>
    </Filter>
    <Filter Include="Cores\RHI\DX12\Components\Buffer\BufferPool">
      <UniqueIdentifier>{f0dc1497-eb61-4e6b-86e1-e2fc95223291}</UniqueIdentifier>
    </Filter>
    <Filter Include="Cores\RHI\DX12\Components\UploadPool">
      <UniqueIdentifier>{405f90e9-86d9-4d6f-bd12-2b96da145137}</UniqueIdentifier>
    </Filter>
    <Filter Include="Cores\RHI\DX12\Components\UploadPool\BufferPool">
      <UniqueIdentifier>{03577d7b-0d37-4216-9cd6-528d166c3e2b}</UniqueIdentifier>
    </Filter>
    <Filter Include="Cores\RHI\DX12\Components\UploadPool\TexturePool">
      <UniqueIdentifier>{c7e1dd68-0795-452d-b1d1-2bb6dfd14f11}</UniqueIdentifier>
    </Filter>
    <Filter Include="Cores\RHI\DX12\Components\DescriptorHeapManager">
      <UniqueIdentifier>{277b90f0-1756-409f-9df7-19d85618666f}</UniqueIdentifier>
    </Filter>
    <Filter Include="Cores\RHI\DX12\Components\CommandList\Pool">
      <UniqueIdentifier>{d1c6a768-9c35-42aa-96a1-95d9a72dfeaa}</UniqueIdentifier>
    </Filter>
    <Filter Include="Cores\RHI\DX12\Components\Fence">
      <UniqueIdentifier>{f9f758b7-1516-4c04-b423-d7a583d71553}</UniqueIdentifier>
    </Filter>
    <Filter Include="Cores\GUI">
      <UniqueIdentifier>{81769a5e-96e0-4ce8-87d0-e0b700f7ee4b}</UniqueIdentifier>
    </Filter>
    <Filter Include="Cores\GUI\IMGUI">
      <UniqueIdentifier>{1f6ae0da-5e8c-4924-8769-91f6c38a42e8}</UniqueIdentifier>
    </Filter>
  </ItemGroup>
  <ItemGroup>
    <ClInclude Include="Header\Exception.h">
      <Filter>Headers</Filter>
    </ClInclude>
    <ClInclude Include="Header\Define.h">
      <Filter>Headers</Filter>
    </ClInclude>
    <ClInclude Include="Header\Include.h">
      <Filter>Headers</Filter>
    </ClInclude>
    <ClInclude Include="Header\Typedef.h">
      <Filter>Headers</Filter>
    </ClInclude>
    <ClInclude Include="Header\Enum.h">
      <Filter>Headers</Filter>
    </ClInclude>
    <ClInclude Include="Code\RHI.h">
      <Filter>Cores\RHI</Filter>
    </ClInclude>
    <ClInclude Include="Code\RHI_DX12Device.h">
      <Filter>Cores\RHI\DX12</Filter>
    </ClInclude>
    <ClInclude Include="Code\EngineKernel.h">
      <Filter>Cores\Kernel</Filter>
    </ClInclude>
    <ClInclude Include="Code\SystemSettings.h">
      <Filter>SystemSettings</Filter>
    </ClInclude>
    <ClInclude Include="Code\tinyxml2.h">
      <Filter>Parser\XML\TinyXML</Filter>
    </ClInclude>
    <ClInclude Include="Code\Logger.h">
      <Filter>Logger</Filter>
    </ClInclude>
    <ClInclude Include="Code\SceneRenderer.h">
      <Filter>Rendering\Renderer</Filter>
    </ClInclude>
    <ClInclude Include="Code\SceneView.h">
      <Filter>Rendering\SceneView</Filter>
    </ClInclude>
    <ClInclude Include="Code\ShaderBase.h">
      <Filter>Rendering\Shader\ShaderObject</Filter>
    </ClInclude>
    <ClInclude Include="Header\Struct.h">
      <Filter>Headers</Filter>
    </ClInclude>
    <ClInclude Include="Header\Function.h">
      <Filter>Headers</Filter>
    </ClInclude>
    <ClInclude Include="Code\ShaderManager.h">
      <Filter>Rendering\Shader\Manager</Filter>
    </ClInclude>
    <ClInclude Include="Header\crcchecksum.h">
      <Filter>Utils</Filter>
    </ClInclude>
    <ClInclude Include="Header\DefineFlag.h">
      <Filter>Headers</Filter>
    </ClInclude>
    <ClInclude Include="Header\syncObject.h">
      <Filter>Utils</Filter>
    </ClInclude>
    <ClInclude Include="Code\allocator.h">
      <Filter>Cores\Memory\Allocator</Filter>
    </ClInclude>
    <ClInclude Include="Header\md5hashing.h">
      <Filter>Utils</Filter>
    </ClInclude>
    <ClInclude Include="Header\comptr.h">
      <Filter>Utils</Filter>
    </ClInclude>
    <ClInclude Include="Code\StackMemoryPool.h">
      <Filter>Cores\Memory\MemoryPool\StackPool</Filter>
    </ClInclude>
    <ClInclude Include="Code\MemoryPoolInterface.h">
      <Filter>Cores\Memory\MemoryPool</Filter>
    </ClInclude>
    <ClInclude Include="Code\PixelShader.h">
      <Filter>Rendering\Shader\ShaderObject\PixelShader</Filter>
    </ClInclude>
    <ClInclude Include="Code\VertexShader.h">
      <Filter>Rendering\Shader\ShaderObject\VertexShader</Filter>
    </ClInclude>
    <ClInclude Include="Header\memoryFunctions.h">
      <Filter>Utils</Filter>
    </ClInclude>
    <ClInclude Include="Code\MemoryTracer.h">
      <Filter>Cores\Memory\MemoryTracer</Filter>
    </ClInclude>
    <ClInclude Include="Code\MemoryInterface.h">
      <Filter>Cores\Memory\Memory</Filter>
    </ClInclude>
    <ClInclude Include="Code\TBBMemory.h">
      <Filter>Cores\Memory\Memory\TBBMemory</Filter>
    </ClInclude>
    <ClInclude Include="Code\WindowsMemory.h">
      <Filter>Cores\Memory\Memory\WindowsMemory</Filter>
    </ClInclude>
    <ClInclude Include="Header\GlobalVariables.h">
      <Filter>Headers</Filter>
    </ClInclude>
    <ClInclude Include="Code\RenderThread.h">
      <Filter>Rendering\RenderThread</Filter>
    </ClInclude>
    <ClInclude Include="Code\RenderCommand.h">
      <Filter>Rendering\RenderCommand</Filter>
    </ClInclude>
    <ClInclude Include="Code\DX12_CommandList.h">
      <Filter>Cores\RHI\DX12\Components\CommandList</Filter>
    </ClInclude>
    <ClInclude Include="Code\CriticalSection.h">
      <Filter>Utils\SyncObject\CritialSection</Filter>
    </ClInclude>
    <ClInclude Include="Code\DX12_Rendertarget.h">
      <Filter>Cores\RHI\DX12\Components\Rendertarget</Filter>
    </ClInclude>
    <ClInclude Include="Code\RenderPipelines.h">
      <Filter>Rendering\Pipeline</Filter>
    </ClInclude>
    <ClInclude Include="Code\DX12_VertexBuffer.h">
      <Filter>Cores\RHI\DX12\Components\Buffer\VertexBuffer</Filter>
    </ClInclude>
    <ClInclude Include="Code\DX12_Buffer.h">
      <Filter>Cores\RHI\DX12\Components\Buffer</Filter>
    </ClInclude>
    <ClInclude Include="Code\DX12_ResourceUploadPool.h">
      <Filter>Cores\RHI\DX12\Components\UploadPool</Filter>
    </ClInclude>
    <ClInclude Include="Header\DX12_Functions.h">
      <Filter>Headers</Filter>
    </ClInclude>
    <ClInclude Include="Code\DX12_BufferUploadPool.h">
      <Filter>Cores\RHI\DX12\Components\UploadPool\BufferPool</Filter>
    </ClInclude>
    <ClInclude Include="Code\DX12_TextureUploadPool.h">
      <Filter>Cores\RHI\DX12\Components\UploadPool\TexturePool</Filter>
    </ClInclude>
    <ClInclude Include="Code\DX12_DescriptorHeapManager.h">
      <Filter>Cores\RHI\DX12\Components\DescriptorHeapManager</Filter>
    </ClInclude>
    <ClInclude Include="Code\DX12_Fence.h">
      <Filter>Cores\RHI\DX12\Components\Fence</Filter>
    </ClInclude>
    <ClInclude Include="Code\DX12_CommandListPool.h">
      <Filter>Cores\RHI\DX12\Components\CommandList\Pool</Filter>
    </ClInclude>
  </ItemGroup>
  <ItemGroup>
    <ClCompile Include="Code\RHI_DX12Device.cpp">
      <Filter>Cores\RHI\DX12</Filter>
    </ClCompile>
    <ClCompile Include="Code\EngineKernel.cpp">
      <Filter>Cores\Kernel</Filter>
    </ClCompile>
    <ClCompile Include="Code\SystemSettings.cpp">
      <Filter>SystemSettings</Filter>
    </ClCompile>
    <ClCompile Include="Code\tinyxml2.cpp">
      <Filter>Parser\XML\TinyXML</Filter>
    </ClCompile>
    <ClCompile Include="Code\Logger.cpp">
      <Filter>Logger</Filter>
    </ClCompile>
    <ClCompile Include="Code\SceneRenderer.cpp">
      <Filter>Rendering\Renderer</Filter>
    </ClCompile>
    <ClCompile Include="Code\SceneView.cpp">
      <Filter>Rendering\SceneView</Filter>
    </ClCompile>
    <ClCompile Include="Code\allocator.cpp">
      <Filter>Cores\Memory\Allocator</Filter>
    </ClCompile>
    <ClCompile Include="Code\StackMemoryPool.cpp">
      <Filter>Cores\Memory\MemoryPool\StackPool</Filter>
    </ClCompile>
    <ClCompile Include="Code\PixelShader.cpp">
      <Filter>Rendering\Shader\ShaderObject\PixelShader</Filter>
    </ClCompile>
    <ClCompile Include="Code\VertexShader.cpp">
      <Filter>Rendering\Shader\ShaderObject\VertexShader</Filter>
    </ClCompile>
    <ClCompile Include="Code\MemoryTracer.cpp">
      <Filter>Cores\Memory\MemoryTracer</Filter>
    </ClCompile>
    <ClCompile Include="Code\TBBMemory.cpp">
      <Filter>Cores\Memory\Memory\TBBMemory</Filter>
    </ClCompile>
    <ClCompile Include="Code\MemoryInterface.cpp">
      <Filter>Cores\Memory\Memory</Filter>
    </ClCompile>
    <ClCompile Include="Code\WindowsMemory.cpp">
      <Filter>Cores\Memory\Memory\WindowsMemory</Filter>
    </ClCompile>
    <ClCompile Include="Code\RenderThread.cpp">
      <Filter>Rendering\RenderThread</Filter>
    </ClCompile>
    <ClCompile Include="Code\RenderCommand.cpp">
      <Filter>Rendering\RenderCommand</Filter>
    </ClCompile>
    <ClCompile Include="Code\DX12_CommandList.cpp">
      <Filter>Cores\RHI\DX12\Components\CommandList</Filter>
    </ClCompile>
    <ClCompile Include="Code\CriticalSection.cpp">
      <Filter>Utils\SyncObject\CritialSection</Filter>
    </ClCompile>
    <ClCompile Include="Code\DX12_Rendertarget.cpp">
      <Filter>Cores\RHI\DX12\Components\Rendertarget</Filter>
    </ClCompile>
    <ClCompile Include="Code\RenderPipelines.cpp">
      <Filter>Rendering\Pipeline</Filter>
    </ClCompile>
    <ClCompile Include="Code\DX12_VertexBuffer.cpp">
      <Filter>Cores\RHI\DX12\Components\Buffer\VertexBuffer</Filter>
    </ClCompile>
    <ClCompile Include="Code\DX12_Buffer.cpp">
      <Filter>Cores\RHI\DX12\Components\Buffer</Filter>
    </ClCompile>
    <ClCompile Include="Code\DX12_ResourceUploadPool.cpp">
      <Filter>Cores\RHI\DX12\Components\UploadPool</Filter>
    </ClCompile>
    <ClCompile Include="Code\DX12_BufferUploadPool.cpp">
      <Filter>Cores\RHI\DX12\Components\UploadPool\BufferPool</Filter>
    </ClCompile>
    <ClCompile Include="Code\DX12_TextureUploadPool.cpp">
      <Filter>Cores\RHI\DX12\Components\UploadPool\TexturePool</Filter>
    </ClCompile>
    <ClCompile Include="Code\DX12_DescriptorHeapManager.cpp">
      <Filter>Cores\RHI\DX12\Components\DescriptorHeapManager</Filter>
    </ClCompile>
    <ClCompile Include="Code\DX12_Fence.cpp">
      <Filter>Cores\RHI\DX12\Components\Fence</Filter>
    </ClCompile>
    <ClCompile Include="Code\DX12_CommandListPool.cpp">
      <Filter>Cores\RHI\DX12\Components\CommandList\Pool</Filter>
    </ClCompile>
  </ItemGroup>
  <ItemGroup>
    <Text Include="ExternLibList.txt" />
  </ItemGroup>
</Project>